
Microsoft Visual Studio Solution File, Format Version 12.00
# Visual Studio Version 17
VisualStudioVersion = 17.0.31903.59
MinimumVisualStudioVersion = 10.0.40219.1
Project("{FAE04EC0-301F-11D3-BF4B-00C04F79EFBC}") = "Domain", "Domain\Domain.csproj", "{B0BD034C-EE95-2B3A-2DDA-2690FD40B41D}"
EndProject
Project("{FAE04EC0-301F-11D3-BF4B-00C04F79EFBC}") = "Application", "Application\Application.csproj", "{DC15AE4E-C59F-7E48-412F-8A1F65FA54D5}"
EndProject
Project("{FAE04EC0-301F-11D3-BF4B-00C04F79EFBC}") = "Persistence", "Persistence\Persistence.csproj", "{A06E7170-86F8-3997-27D2-5DB19B935FC7}"
EndProject
Project("{FAE04EC0-301F-11D3-BF4B-00C04F79EFBC}") = "UnitTests", "UnitTests\UnitTests.csproj", "{A3768A1C-0216-6AAE-7642-7B9C5A6E72EF}"
EndProject
Project("{FAE04EC0-301F-11D3-BF4B-00C04F79EFBC}") = "WebApp", "WebApp\WebApp.csproj", "{E249BBEE-595B-DB06-B715-07BDC4E9810D}"
EndProject
Project("{FAE04EC0-301F-11D3-BF4B-00C04F79EFBC}") = "WrkApp", "WrkApp\WrkApp.csproj", "{2D9FAB9A-4E4D-C44F-5FB8-B35139172C84}"
EndProject
Project("{FAE04EC0-301F-11D3-BF4B-00C04F79EFBC}") = "Expenses.WebApi", "Expenses.WebApi\Expenses.WebApi.csproj", "{0C31A844-BC5E-4C6B-F0C0-6E85B97DE86C}"
EndProject
Project("{FAE04EC0-301F-11D3-BF4B-00C04F79EFBC}") = "Incomes.WebApi", "Incomes.WebApi\Incomes.WebApi.csproj", "{6B984968-69D6-3F91-C2FF-54D64A59987A}"
EndProject
Project("{FAE04EC0-301F-11D3-BF4B-00C04F79EFBC}") = "Payments.WebApi", "Payments.WebApi\Payments.WebApi.csproj", "{0C61609C-1F67-53F9-BBA8-1FF0535AAB8C}"
EndProject
Project("{FAE04EC0-301F-11D3-BF4B-00C04F79EFBC}") = "Notifications.WebApi", "Notifications.WebApi\Notifications.WebApi.csproj", "{2E442B8B-AA58-23A1-9A94-22357B804765}"
EndProject
Project("{FAE04EC0-301F-11D3-BF4B-00C04F79EFBC}") = "Gateway.WebApi", "Gateway.WebApi\Gateway.WebApi.csproj", "{5C124C02-3184-4411-99E6-88BF24C6294E}"
EndProject
Global
	GlobalSection(SolutionConfigurationPlatforms) = preSolution
		Debug|x64 = Debug|x64
		Release|x64 = Release|x64
	EndGlobalSection
	GlobalSection(ProjectConfigurationPlatforms) = postSolution
		{B0BD034C-EE95-2B3A-2DDA-2690FD40B41D}.Debug|x64.ActiveCfg = Debug|Any CPU
		{B0BD034C-EE95-2B3A-2DDA-2690FD40B41D}.Debug|x64.Build.0 = Debug|Any CPU
		{B0BD034C-EE95-2B3A-2DDA-2690FD40B41D}.Release|x64.ActiveCfg = Release|Any CPU
		{B0BD034C-EE95-2B3A-2DDA-2690FD40B41D}.Release|x64.Build.0 = Release|Any CPU
		{DC15AE4E-C59F-7E48-412F-8A1F65FA54D5}.Debug|x64.ActiveCfg = Debug|Any CPU
		{DC15AE4E-C59F-7E48-412F-8A1F65FA54D5}.Debug|x64.Build.0 = Debug|Any CPU
		{DC15AE4E-C59F-7E48-412F-8A1F65FA54D5}.Release|x64.ActiveCfg = Release|Any CPU
		{DC15AE4E-C59F-7E48-412F-8A1F65FA54D5}.Release|x64.Build.0 = Release|Any CPU
		{A06E7170-86F8-3997-27D2-5DB19B935FC7}.Debug|x64.ActiveCfg = Debug|Any CPU
		{A06E7170-86F8-3997-27D2-5DB19B935FC7}.Debug|x64.Build.0 = Debug|Any CPU
		{A06E7170-86F8-3997-27D2-5DB19B935FC7}.Release|x64.ActiveCfg = Release|Any CPU
		{A06E7170-86F8-3997-27D2-5DB19B935FC7}.Release|x64.Build.0 = Release|Any CPU
		{A3768A1C-0216-6AAE-7642-7B9C5A6E72EF}.Debug|x64.ActiveCfg = Debug|Any CPU
		{A3768A1C-0216-6AAE-7642-7B9C5A6E72EF}.Debug|x64.Build.0 = Debug|Any CPU
		{A3768A1C-0216-6AAE-7642-7B9C5A6E72EF}.Release|x64.ActiveCfg = Release|Any CPU
		{A3768A1C-0216-6AAE-7642-7B9C5A6E72EF}.Release|x64.Build.0 = Release|Any CPU
		{E249BBEE-595B-DB06-B715-07BDC4E9810D}.Debug|x64.ActiveCfg = Debug|Any CPU
		{E249BBEE-595B-DB06-B715-07BDC4E9810D}.Debug|x64.Build.0 = Debug|Any CPU
		{E249BBEE-595B-DB06-B715-07BDC4E9810D}.Release|x64.ActiveCfg = Release|Any CPU
		{E249BBEE-595B-DB06-B715-07BDC4E9810D}.Release|x64.Build.0 = Release|Any CPU
		{2D9FAB9A-4E4D-C44F-5FB8-B35139172C84}.Debug|x64.ActiveCfg = Debug|Any CPU
		{2D9FAB9A-4E4D-C44F-5FB8-B35139172C84}.Debug|x64.Build.0 = Debug|Any CPU
		{2D9FAB9A-4E4D-C44F-5FB8-B35139172C84}.Release|x64.ActiveCfg = Release|Any CPU
		{2D9FAB9A-4E4D-C44F-5FB8-B35139172C84}.Release|x64.Build.0 = Release|Any CPU
		{0C31A844-BC5E-4C6B-F0C0-6E85B97DE86C}.Debug|x64.ActiveCfg = Debug|Any CPU
		{0C31A844-BC5E-4C6B-F0C0-6E85B97DE86C}.Debug|x64.Build.0 = Debug|Any CPU
		{0C31A844-BC5E-4C6B-F0C0-6E85B97DE86C}.Release|x64.ActiveCfg = Release|Any CPU
		{0C31A844-BC5E-4C6B-F0C0-6E85B97DE86C}.Release|x64.Build.0 = Release|Any CPU
		{6B984968-69D6-3F91-C2FF-54D64A59987A}.Debug|x64.ActiveCfg = Debug|Any CPU
		{6B984968-69D6-3F91-C2FF-54D64A59987A}.Debug|x64.Build.0 = Debug|Any CPU
		{6B984968-69D6-3F91-C2FF-54D64A59987A}.Release|x64.ActiveCfg = Release|Any CPU
		{6B984968-69D6-3F91-C2FF-54D64A59987A}.Release|x64.Build.0 = Release|Any CPU
		{0C61609C-1F67-53F9-BBA8-1FF0535AAB8C}.Debug|x64.ActiveCfg = Debug|Any CPU
		{0C61609C-1F67-53F9-BBA8-1FF0535AAB8C}.Debug|x64.Build.0 = Debug|Any CPU
		{0C61609C-1F67-53F9-BBA8-1FF0535AAB8C}.Release|x64.ActiveCfg = Release|Any CPU
		{0C61609C-1F67-53F9-BBA8-1FF0535AAB8C}.Release|x64.Build.0 = Release|Any CPU
		{2E442B8B-AA58-23A1-9A94-22357B804765}.Debug|x64.ActiveCfg = Debug|Any CPU
		{2E442B8B-AA58-23A1-9A94-22357B804765}.Debug|x64.Build.0 = Debug|Any CPU
		{2E442B8B-AA58-23A1-9A94-22357B804765}.Release|x64.ActiveCfg = Release|Any CPU
		{2E442B8B-AA58-23A1-9A94-22357B804765}.Release|x64.Build.0 = Release|Any CPU
		{5C124C02-3184-4411-99E6-88BF24C6294E}.Debug|x64.ActiveCfg = Debug|Any CPU
		{5C124C02-3184-4411-99E6-88BF24C6294E}.Debug|x64.Build.0 = Debug|Any CPU
		{5C124C02-3184-4411-99E6-88BF24C6294E}.Release|x64.ActiveCfg = Release|Any CPU
		{5C124C02-3184-4411-99E6-88BF24C6294E}.Release|x64.Build.0 = Release|Any CPU
	EndGlobalSection
	GlobalSection(SolutionProperties) = preSolution
		HideSolutionNode = FALSE
	EndGlobalSection
EndGlobal
